
Microsoft Visual Studio Solution File, Format Version 12.00
# Visual Studio Version 17
VisualStudioVersion = 17.8.34316.72
MinimumVisualStudioVersion = 10.0.40219.1
Project("{FAE04EC0-301F-11D3-BF4B-00C04F79EFBC}") = "AddressBook", "AddressBook\AddressBook.csproj", "{4D3A3550-6BB1-4799-BC48-EB53287491EA}"
EndProject
Global
	GlobalSection(SolutionConfigurationPlatforms) = preSolution
		Debug|Any CPU = Debug|Any CPU
		Release|Any CPU = Release|Any CPU
	EndGlobalSection
	GlobalSection(ProjectConfigurationPlatforms) = postSolution
		{4D3A3550-6BB1-4799-BC48-EB53287491EA}.Debug|Any CPU.ActiveCfg = Debug|Any CPU
		{4D3A3550-6BB1-4799-BC48-EB53287491EA}.Debug|Any CPU.Build.0 = Debug|Any CPU
		{4D3A3550-6BB1-4799-BC48-EB53287491EA}.Release|Any CPU.ActiveCfg = Release|Any CPU
		{4D3A3550-6BB1-4799-BC48-EB53287491EA}.Release|Any CPU.Build.0 = Release|Any CPU
	EndGlobalSection
	GlobalSection(SolutionProperties) = preSolution
		HideSolutionNode = FALSE
	EndGlobalSection
	GlobalSection(ExtensibilityGlobals) = postSolution
		SolutionGuid = {CCD1C425-4018-496A-B285-C48B10C6DFDB}
	EndGlobalSection
EndGlobal
